// !$*UTF8*$!
{
	archiveVersion = 1;
	classes = {
	};
	objectVersion = 46;
	objects = {

/* Begin PBXBuildFile section */
		7E0DBAD61A4D2BBC00338412 /* FileSystemItem.m in Sources */ = {isa = PBXBuildFile; fileRef = 7E0DBAD51A4D2BBC00338412 /* FileSystemItem.m */; };
		7E0DBADB1A4D2FC900338412 /* QMProjectData.cpp in Sources */ = {isa = PBXBuildFile; fileRef = 7E0DBAD91A4D2FC900338412 /* QMProjectData.cpp */; };
		7EAFA7981A2817B60047D9AF /* AppDelegate.m in Sources */ = {isa = PBXBuildFile; fileRef = 7EAFA7971A2817B60047D9AF /* AppDelegate.m */; };
		7EAFA79A1A2817B60047D9AF /* main.m in Sources */ = {isa = PBXBuildFile; fileRef = 7EAFA7991A2817B60047D9AF /* main.m */; };
		7EAFA79C1A2817B60047D9AF /* Images.xcassets in Resources */ = {isa = PBXBuildFile; fileRef = 7EAFA79B1A2817B60047D9AF /* Images.xcassets */; };
		7EAFA79F1A2817B60047D9AF /* MainMenu.xib in Resources */ = {isa = PBXBuildFile; fileRef = 7EAFA79D1A2817B60047D9AF /* MainMenu.xib */; };
		7EAFA7AB1A2817B60047D9AF /* QMiniIDETests.m in Sources */ = {isa = PBXBuildFile; fileRef = 7EAFA7AA1A2817B60047D9AF /* QMiniIDETests.m */; };
		7EAFA7B71A2820070047D9AF /* QMAbout.xib in Resources */ = {isa = PBXBuildFile; fileRef = 7EAFA7B61A2820070047D9AF /* QMAbout.xib */; };
		7EAFA7BA1A2821A00047D9AF /* QMAboutWindow.m in Sources */ = {isa = PBXBuildFile; fileRef = 7EAFA7B91A2821A00047D9AF /* QMAboutWindow.m */; };
		7ED6A5D01A524D8900C3606F /* QQDirector.cpp in Sources */ = {isa = PBXBuildFile; fileRef = 7ED6A5CE1A524D8900C3606F /* QQDirector.cpp */; };
		7ED6A5D41A52533A00C3606F /* QMSceneViewController.m in Sources */ = {isa = PBXBuildFile; fileRef = 7ED6A5D21A52533A00C3606F /* QMSceneViewController.m */; };
		7ED6A5D51A52533A00C3606F /* QMSceneViewController.xib in Resources */ = {isa = PBXBuildFile; fileRef = 7ED6A5D31A52533A00C3606F /* QMSceneViewController.xib */; };
		7ED6A5D81A52535800C3606F /* QMSceneView.m in Sources */ = {isa = PBXBuildFile; fileRef = 7ED6A5D71A52535800C3606F /* QMSceneView.m */; };
		7EDEF6C81A4A68A900645F8C /* QMProjectView.m in Sources */ = {isa = PBXBuildFile; fileRef = 7EDEF6C41A4A68A900645F8C /* QMProjectView.m */; };
		7EDEF6C91A4A68A900645F8C /* QMProjectView.xib in Resources */ = {isa = PBXBuildFile; fileRef = 7EDEF6C51A4A68A900645F8C /* QMProjectView.xib */; };
		7EDEF6CA1A4A68A900645F8C /* QMProjectViewController.m in Sources */ = {isa = PBXBuildFile; fileRef = 7EDEF6C71A4A68A900645F8C /* QMProjectViewController.m */; };
		7EDEF6CF1A4A68F700645F8C /* QMInspectorViewController.m in Sources */ = {isa = PBXBuildFile; fileRef = 7EDEF6CD1A4A68F700645F8C /* QMInspectorViewController.m */; };
		7EDEF6D01A4A68F700645F8C /* QMInspectorViewController.xib in Resources */ = {isa = PBXBuildFile; fileRef = 7EDEF6CE1A4A68F700645F8C /* QMInspectorViewController.xib */; };
		7EDEF6D31A4A691700645F8C /* QMInspectorView.m in Sources */ = {isa = PBXBuildFile; fileRef = 7EDEF6D21A4A691700645F8C /* QMInspectorView.m */; };
		7EF250C31A2EA6DF00D7D33A /* OpenGL.framework in Frameworks */ = {isa = PBXBuildFile; fileRef = 7EF250C01A2EA6AF00D7D33A /* OpenGL.framework */; };
		7EF250D41A2EAE0200D7D33A /* QMPreviewController.m in Sources */ = {isa = PBXBuildFile; fileRef = 7EF250D01A2EAE0200D7D33A /* QMPreviewController.m */; };
		7EF250D51A2EAE0200D7D33A /* QMPreviewController.xib in Resources */ = {isa = PBXBuildFile; fileRef = 7EF250D11A2EAE0200D7D33A /* QMPreviewController.xib */; };
		7EF250D61A2EAE0200D7D33A /* QMPreviewer.m in Sources */ = {isa = PBXBuildFile; fileRef = 7EF250D31A2EAE0200D7D33A /* QMPreviewer.m */; };
		7EF250D91A2EAE1000D7D33A /* QMViewBase.m in Sources */ = {isa = PBXBuildFile; fileRef = 7EF250D81A2EAE1000D7D33A /* QMViewBase.m */; };
		7EF250DE1A2EAE5100D7D33A /* QMMainViewController.m in Sources */ = {isa = PBXBuildFile; fileRef = 7EF250DC1A2EAE5100D7D33A /* QMMainViewController.m */; };
		7EF250DF1A2EAE5100D7D33A /* QMMainWindow.xib in Resources */ = {isa = PBXBuildFile; fileRef = 7EF250DD1A2EAE5100D7D33A /* QMMainWindow.xib */; };
/* End PBXBuildFile section */

/* Begin PBXContainerItemProxy section */
		7EAFA7A51A2817B60047D9AF /* PBXContainerItemProxy */ = {
			isa = PBXContainerItemProxy;
			containerPortal = 7EAFA7891A2817B60047D9AF /* Project object */;
			proxyType = 1;
			remoteGlobalIDString = 7EAFA7901A2817B60047D9AF;
			remoteInfo = QMiniIDE;
		};
/* End PBXContainerItemProxy section */

/* Begin PBXFileReference section */
		7E0DBAD41A4D2BBC00338412 /* FileSystemItem.h */ = {isa = PBXFileReference; fileEncoding = 4; lastKnownFileType = sourcecode.c.h; name = FileSystemItem.h; path = Util/FileSystem/FileSystemItem.h; sourceTree = "<group>"; };
		7E0DBAD51A4D2BBC00338412 /* FileSystemItem.m */ = {isa = PBXFileReference; fileEncoding = 4; lastKnownFileType = sourcecode.c.objc; name = FileSystemItem.m; path = Util/FileSystem/FileSystemItem.m; sourceTree = "<group>"; };
		7E0DBAD91A4D2FC900338412 /* QMProjectData.cpp */ = {isa = PBXFileReference; fileEncoding = 4; lastKnownFileType = sourcecode.cpp.cpp; name = QMProjectData.cpp; path = Data/ProjectData/QMProjectData.cpp; sourceTree = "<group>"; };
		7E0DBADA1A4D2FC900338412 /* QMProjectData.h */ = {isa = PBXFileReference; explicitFileType = sourcecode.cpp.h; fileEncoding = 4; name = QMProjectData.h; path = Data/ProjectData/QMProjectData.h; sourceTree = "<group>"; };
		7E9031D91A2C04F6007ACFF6 /* NSView+BackgroundColor.h */ = {isa = PBXFileReference; fileEncoding = 4; lastKnownFileType = sourcecode.c.h; name = "NSView+BackgroundColor.h"; path = "Util/Categories/NSView+BackgroundColor.h"; sourceTree = "<group>"; };
		7E9031DA1A2C04F6007ACFF6 /* NSView+BackgroundColor.m */ = {isa = PBXFileReference; fileEncoding = 4; lastKnownFileType = sourcecode.c.objc; name = "NSView+BackgroundColor.m"; path = "Util/Categories/NSView+BackgroundColor.m"; sourceTree = "<group>"; };
		7EAC8A8A1A286A750035C807 /* QMCommonMacro.h */ = {isa = PBXFileReference; lastKnownFileType = sourcecode.c.h; name = QMCommonMacro.h; path = Util/QMCommonMacro.h; sourceTree = "<group>"; };
		7EAFA7911A2817B60047D9AF /* QMiniIDE.app */ = {isa = PBXFileReference; explicitFileType = wrapper.application; includeInIndex = 0; path = QMiniIDE.app; sourceTree = BUILT_PRODUCTS_DIR; };
		7EAFA7951A2817B60047D9AF /* Info.plist */ = {isa = PBXFileReference; lastKnownFileType = text.plist.xml; path = Info.plist; sourceTree = "<group>"; };
		7EAFA7961A2817B60047D9AF /* AppDelegate.h */ = {isa = PBXFileReference; lastKnownFileType = sourcecode.c.h; path = AppDelegate.h; sourceTree = "<group>"; };
		7EAFA7971A2817B60047D9AF /* AppDelegate.m */ = {isa = PBXFileReference; lastKnownFileType = sourcecode.c.objc; path = AppDelegate.m; sourceTree = "<group>"; };
		7EAFA7991A2817B60047D9AF /* main.m */ = {isa = PBXFileReference; lastKnownFileType = sourcecode.c.objc; path = main.m; sourceTree = "<group>"; };
		7EAFA79B1A2817B60047D9AF /* Images.xcassets */ = {isa = PBXFileReference; lastKnownFileType = folder.assetcatalog; path = Images.xcassets; sourceTree = "<group>"; };
		7EAFA79E1A2817B60047D9AF /* Base */ = {isa = PBXFileReference; lastKnownFileType = file.xib; name = Base; path = Base.lproj/MainMenu.xib; sourceTree = "<group>"; };
		7EAFA7A41A2817B60047D9AF /* QMiniIDETests.xctest */ = {isa = PBXFileReference; explicitFileType = wrapper.cfbundle; includeInIndex = 0; path = QMiniIDETests.xctest; sourceTree = BUILT_PRODUCTS_DIR; };
		7EAFA7A91A2817B60047D9AF /* Info.plist */ = {isa = PBXFileReference; lastKnownFileType = text.plist.xml; path = Info.plist; sourceTree = "<group>"; };
		7EAFA7AA1A2817B60047D9AF /* QMiniIDETests.m */ = {isa = PBXFileReference; lastKnownFileType = sourcecode.c.objc; path = QMiniIDETests.m; sourceTree = "<group>"; };
		7EAFA7B61A2820070047D9AF /* QMAbout.xib */ = {isa = PBXFileReference; fileEncoding = 4; lastKnownFileType = file.xib; name = QMAbout.xib; path = About/QMAbout.xib; sourceTree = "<group>"; };
		7EAFA7B81A2821A00047D9AF /* QMAboutWindow.h */ = {isa = PBXFileReference; fileEncoding = 4; lastKnownFileType = sourcecode.c.h; name = QMAboutWindow.h; path = About/QMAboutWindow.h; sourceTree = "<group>"; };
		7EAFA7B91A2821A00047D9AF /* QMAboutWindow.m */ = {isa = PBXFileReference; fileEncoding = 4; lastKnownFileType = sourcecode.c.objc; name = QMAboutWindow.m; path = About/QMAboutWindow.m; sourceTree = "<group>"; };
		7ED6A5CE1A524D8900C3606F /* QQDirector.cpp */ = {isa = PBXFileReference; fileEncoding = 4; lastKnownFileType = sourcecode.cpp.cpp; name = QQDirector.cpp; path = QQLib/Base/QQDirector.cpp; sourceTree = "<group>"; };
		7ED6A5CF1A524D8900C3606F /* QQDirector.h */ = {isa = PBXFileReference; fileEncoding = 4; lastKnownFileType = sourcecode.c.h; name = QQDirector.h; path = QQLib/Base/QQDirector.h; sourceTree = "<group>"; };
		7ED6A5D11A52533A00C3606F /* QMSceneViewController.h */ = {isa = PBXFileReference; fileEncoding = 4; lastKnownFileType = sourcecode.c.h; name = QMSceneViewController.h; path = UI/SceneView/QMSceneViewController.h; sourceTree = "<group>"; };
		7ED6A5D21A52533A00C3606F /* QMSceneViewController.m */ = {isa = PBXFileReference; fileEncoding = 4; lastKnownFileType = sourcecode.c.objc; name = QMSceneViewController.m; path = UI/SceneView/QMSceneViewController.m; sourceTree = "<group>"; };
		7ED6A5D31A52533A00C3606F /* QMSceneViewController.xib */ = {isa = PBXFileReference; fileEncoding = 4; lastKnownFileType = file.xib; name = QMSceneViewController.xib; path = UI/SceneView/QMSceneViewController.xib; sourceTree = "<group>"; };
		7ED6A5D61A52535800C3606F /* QMSceneView.h */ = {isa = PBXFileReference; fileEncoding = 4; lastKnownFileType = sourcecode.c.h; name = QMSceneView.h; path = UI/SceneView/QMSceneView.h; sourceTree = "<group>"; };
		7ED6A5D71A52535800C3606F /* QMSceneView.m */ = {isa = PBXFileReference; fileEncoding = 4; lastKnownFileType = sourcecode.c.objc; name = QMSceneView.m; path = UI/SceneView/QMSceneView.m; sourceTree = "<group>"; };
		7EDEF6C31A4A68A900645F8C /* QMProjectView.h */ = {isa = PBXFileReference; fileEncoding = 4; lastKnownFileType = sourcecode.c.h; path = QMProjectView.h; sourceTree = "<group>"; };
		7EDEF6C41A4A68A900645F8C /* QMProjectView.m */ = {isa = PBXFileReference; fileEncoding = 4; lastKnownFileType = sourcecode.c.objc; path = QMProjectView.m; sourceTree = "<group>"; };
		7EDEF6C51A4A68A900645F8C /* QMProjectView.xib */ = {isa = PBXFileReference; fileEncoding = 4; lastKnownFileType = file.xib; path = QMProjectView.xib; sourceTree = "<group>"; };
		7EDEF6C61A4A68A900645F8C /* QMProjectViewController.h */ = {isa = PBXFileReference; fileEncoding = 4; lastKnownFileType = sourcecode.c.h; path = QMProjectViewController.h; sourceTree = "<group>"; };
		7EDEF6C71A4A68A900645F8C /* QMProjectViewController.m */ = {isa = PBXFileReference; explicitFileType = sourcecode.cpp.objcpp.preprocessed; fileEncoding = 4; path = QMProjectViewController.m; sourceTree = "<group>"; };
		7EDEF6CC1A4A68F700645F8C /* QMInspectorViewController.h */ = {isa = PBXFileReference; fileEncoding = 4; lastKnownFileType = sourcecode.c.h; name = QMInspectorViewController.h; path = UI/InspectorView/QMInspectorViewController.h; sourceTree = "<group>"; };
		7EDEF6CD1A4A68F700645F8C /* QMInspectorViewController.m */ = {isa = PBXFileReference; fileEncoding = 4; lastKnownFileType = sourcecode.c.objc; name = QMInspectorViewController.m; path = UI/InspectorView/QMInspectorViewController.m; sourceTree = "<group>"; };
		7EDEF6CE1A4A68F700645F8C /* QMInspectorViewController.xib */ = {isa = PBXFileReference; fileEncoding = 4; lastKnownFileType = file.xib; name = QMInspectorViewController.xib; path = UI/InspectorView/QMInspectorViewController.xib; sourceTree = "<group>"; };
		7EDEF6D11A4A691700645F8C /* QMInspectorView.h */ = {isa = PBXFileReference; fileEncoding = 4; lastKnownFileType = sourcecode.c.h; name = QMInspectorView.h; path = UI/InspectorView/QMInspectorView.h; sourceTree = "<group>"; };
		7EDEF6D21A4A691700645F8C /* QMInspectorView.m */ = {isa = PBXFileReference; fileEncoding = 4; lastKnownFileType = sourcecode.c.objc; name = QMInspectorView.m; path = UI/InspectorView/QMInspectorView.m; sourceTree = "<group>"; };
		7EF250C01A2EA6AF00D7D33A /* OpenGL.framework */ = {isa = PBXFileReference; lastKnownFileType = wrapper.framework; name = OpenGL.framework; path = System/Library/Frameworks/OpenGL.framework; sourceTree = SDKROOT; };
		7EF250CF1A2EAE0200D7D33A /* QMPreviewController.h */ = {isa = PBXFileReference; fileEncoding = 4; lastKnownFileType = sourcecode.c.h; name = QMPreviewController.h; path = UI/Preview/QMPreviewController.h; sourceTree = "<group>"; };
		7EF250D01A2EAE0200D7D33A /* QMPreviewController.m */ = {isa = PBXFileReference; fileEncoding = 4; lastKnownFileType = sourcecode.c.objc; name = QMPreviewController.m; path = UI/Preview/QMPreviewController.m; sourceTree = "<group>"; };
		7EF250D11A2EAE0200D7D33A /* QMPreviewController.xib */ = {isa = PBXFileReference; fileEncoding = 4; lastKnownFileType = file.xib; name = QMPreviewController.xib; path = UI/Preview/QMPreviewController.xib; sourceTree = "<group>"; };
		7EF250D21A2EAE0200D7D33A /* QMPreviewer.h */ = {isa = PBXFileReference; fileEncoding = 4; lastKnownFileType = sourcecode.c.h; name = QMPreviewer.h; path = UI/Preview/QMPreviewer.h; sourceTree = "<group>"; };
		7EF250D31A2EAE0200D7D33A /* QMPreviewer.m */ = {isa = PBXFileReference; fileEncoding = 4; lastKnownFileType = sourcecode.c.objc; name = QMPreviewer.m; path = UI/Preview/QMPreviewer.m; sourceTree = "<group>"; };
		7EF250D71A2EAE1000D7D33A /* QMViewBase.h */ = {isa = PBXFileReference; fileEncoding = 4; lastKnownFileType = sourcecode.c.h; name = QMViewBase.h; path = UI/Base/QMViewBase.h; sourceTree = "<group>"; };
		7EF250D81A2EAE1000D7D33A /* QMViewBase.m */ = {isa = PBXFileReference; fileEncoding = 4; lastKnownFileType = sourcecode.c.objc; name = QMViewBase.m; path = UI/Base/QMViewBase.m; sourceTree = "<group>"; };
		7EF250DB1A2EAE5100D7D33A /* QMMainViewController.h */ = {isa = PBXFileReference; fileEncoding = 4; lastKnownFileType = sourcecode.c.h; name = QMMainViewController.h; path = UI/QMMainViewController.h; sourceTree = "<group>"; };
		7EF250DC1A2EAE5100D7D33A /* QMMainViewController.m */ = {isa = PBXFileReference; fileEncoding = 4; lastKnownFileType = sourcecode.c.objc; name = QMMainViewController.m; path = UI/QMMainViewController.m; sourceTree = "<group>"; };
		7EF250DD1A2EAE5100D7D33A /* QMMainWindow.xib */ = {isa = PBXFileReference; fileEncoding = 4; lastKnownFileType = file.xib; name = QMMainWindow.xib; path = UI/QMMainWindow.xib; sourceTree = "<group>"; };
/* End PBXFileReference section */

/* Begin PBXFrameworksBuildPhase section */
		7EAFA78E1A2817B60047D9AF /* Frameworks */ = {
			isa = PBXFrameworksBuildPhase;
			buildActionMask = 2147483647;
			files = (
				7EF250C31A2EA6DF00D7D33A /* OpenGL.framework in Frameworks */,
			);
			runOnlyForDeploymentPostprocessing = 0;
		};
		7EAFA7A11A2817B60047D9AF /* Frameworks */ = {
			isa = PBXFrameworksBuildPhase;
			buildActionMask = 2147483647;
			files = (
			);
			runOnlyForDeploymentPostprocessing = 0;
		};
/* End PBXFrameworksBuildPhase section */

/* Begin PBXGroup section */
		7E0DBAD71A4D2F0000338412 /* Data */ = {
			isa = PBXGroup;
			children = (
				7E0DBAD81A4D2F0900338412 /* ProjectData */,
			);
			name = Data;
			sourceTree = "<group>";
		};
		7E0DBAD81A4D2F0900338412 /* ProjectData */ = {
			isa = PBXGroup;
			children = (
				7E0DBAD91A4D2FC900338412 /* QMProjectData.cpp */,
				7E0DBADA1A4D2FC900338412 /* QMProjectData.h */,
			);
			name = ProjectData;
			sourceTree = "<group>";
		};
		7E9031D41A2BFF9C007ACFF6 /* Base */ = {
			isa = PBXGroup;
			children = (
				7EF250D71A2EAE1000D7D33A /* QMViewBase.h */,
				7EF250D81A2EAE1000D7D33A /* QMViewBase.m */,
			);
			name = Base;
			sourceTree = "<group>";
		};
		7E9031D81A2C04AA007ACFF6 /* Categories */ = {
			isa = PBXGroup;
			children = (
				7E9031D91A2C04F6007ACFF6 /* NSView+BackgroundColor.h */,
				7E9031DA1A2C04F6007ACFF6 /* NSView+BackgroundColor.m */,
			);
			name = Categories;
			sourceTree = "<group>";
		};
		7EAC8A891A286A560035C807 /* Util */ = {
			isa = PBXGroup;
			children = (
				7EDEF6D41A4A8E1800645F8C /* FileSystem */,
				7E9031D81A2C04AA007ACFF6 /* Categories */,
				7EAC8A8A1A286A750035C807 /* QMCommonMacro.h */,
			);
			name = Util;
			sourceTree = "<group>";
		};
		7EAFA7881A2817B60047D9AF = {
			isa = PBXGroup;
			children = (
				7EAFA7931A2817B60047D9AF /* QMiniIDE */,
				7EAFA7A71A2817B60047D9AF /* QMiniIDETests */,
				7EAFA7921A2817B60047D9AF /* Products */,
			);
			sourceTree = "<group>";
		};
		7EAFA7921A2817B60047D9AF /* Products */ = {
			isa = PBXGroup;
			children = (
				7EAFA7911A2817B60047D9AF /* QMiniIDE.app */,
				7EAFA7A41A2817B60047D9AF /* QMiniIDETests.xctest */,
			);
			name = Products;
			sourceTree = "<group>";
		};
		7EAFA7931A2817B60047D9AF /* QMiniIDE */ = {
			isa = PBXGroup;
			children = (
				7ED6A5CA1A52343400C3606F /* QQLib */,
				7E0DBAD71A4D2F0000338412 /* Data */,
				7EF250C21A2EA6BC00D7D33A /* Frameworks */,
				7EAC8A891A286A560035C807 /* Util */,
				7EAFA7BE1A2848290047D9AF /* UI */,
				7EAFA7B51A281FBD0047D9AF /* About */,
				7EAFA7961A2817B60047D9AF /* AppDelegate.h */,
				7EAFA7971A2817B60047D9AF /* AppDelegate.m */,
				7EAFA79B1A2817B60047D9AF /* Images.xcassets */,
				7EAFA79D1A2817B60047D9AF /* MainMenu.xib */,
				7EAFA7941A2817B60047D9AF /* Supporting Files */,
			);
			path = QMiniIDE;
			sourceTree = "<group>";
		};
		7EAFA7941A2817B60047D9AF /* Supporting Files */ = {
			isa = PBXGroup;
			children = (
				7EAFA7951A2817B60047D9AF /* Info.plist */,
				7EAFA7991A2817B60047D9AF /* main.m */,
			);
			name = "Supporting Files";
			sourceTree = "<group>";
		};
		7EAFA7A71A2817B60047D9AF /* QMiniIDETests */ = {
			isa = PBXGroup;
			children = (
				7EAFA7AA1A2817B60047D9AF /* QMiniIDETests.m */,
				7EAFA7A81A2817B60047D9AF /* Supporting Files */,
			);
			path = QMiniIDETests;
			sourceTree = "<group>";
		};
		7EAFA7A81A2817B60047D9AF /* Supporting Files */ = {
			isa = PBXGroup;
			children = (
				7EAFA7A91A2817B60047D9AF /* Info.plist */,
			);
			name = "Supporting Files";
			sourceTree = "<group>";
		};
		7EAFA7B51A281FBD0047D9AF /* About */ = {
			isa = PBXGroup;
			children = (
				7EAFA7B61A2820070047D9AF /* QMAbout.xib */,
				7EAFA7B81A2821A00047D9AF /* QMAboutWindow.h */,
				7EAFA7B91A2821A00047D9AF /* QMAboutWindow.m */,
			);
			name = About;
			sourceTree = "<group>";
		};
		7EAFA7BE1A2848290047D9AF /* UI */ = {
			isa = PBXGroup;
			children = (
				7EDEF6CB1A4A68BB00645F8C /* InspectorView */,
				7EC15B3F1A49747E003D9FA2 /* HierarchyView */,
				7EF250E61A2EAF2F00D7D33A /* InspectorView */,
				7EF250E51A2EAF0A00D7D33A /* Layout */,
				7EF250DB1A2EAE5100D7D33A /* QMMainViewController.h */,
				7EF250DC1A2EAE5100D7D33A /* QMMainViewController.m */,
				7EF250DD1A2EAE5100D7D33A /* QMMainWindow.xib */,
				7EF250DA1A2EAE2200D7D33A /* ProjectView */,
				7EF250CE1A2EACEC00D7D33A /* SceneView */,
				7EF250C51A2EA74D00D7D33A /* Preview */,
				7E9031D41A2BFF9C007ACFF6 /* Base */,
			);
			name = UI;
			sourceTree = "<group>";
		};
		7EC15B3F1A49747E003D9FA2 /* HierarchyView */ = {
			isa = PBXGroup;
			children = (
			);
			name = HierarchyView;
			sourceTree = "<group>";
		};
		7ED6A5CA1A52343400C3606F /* QQLib */ = {
			isa = PBXGroup;
			children = (
				7ED6A5CD1A524D5000C3606F /* Base */,
				7ED6A5CB1A523DF700C3606F /* Render */,
			);
			name = QQLib;
			sourceTree = "<group>";
		};
		7ED6A5CB1A523DF700C3606F /* Render */ = {
			isa = PBXGroup;
			children = (
			);
			name = Render;
			sourceTree = "<group>";
		};
		7ED6A5CD1A524D5000C3606F /* Base */ = {
			isa = PBXGroup;
			children = (
				7ED6A5CE1A524D8900C3606F /* QQDirector.cpp */,
				7ED6A5CF1A524D8900C3606F /* QQDirector.h */,
			);
			name = Base;
			sourceTree = "<group>";
		};
		7EDEF6CB1A4A68BB00645F8C /* InspectorView */ = {
			isa = PBXGroup;
			children = (
				7EDEF6CC1A4A68F700645F8C /* QMInspectorViewController.h */,
				7EDEF6CD1A4A68F700645F8C /* QMInspectorViewController.m */,
				7EDEF6CE1A4A68F700645F8C /* QMInspectorViewController.xib */,
				7EDEF6D11A4A691700645F8C /* QMInspectorView.h */,
				7EDEF6D21A4A691700645F8C /* QMInspectorView.m */,
			);
			name = InspectorView;
			sourceTree = "<group>";
		};
		7EDEF6D41A4A8E1800645F8C /* FileSystem */ = {
			isa = PBXGroup;
			children = (
				7E0DBAD41A4D2BBC00338412 /* FileSystemItem.h */,
				7E0DBAD51A4D2BBC00338412 /* FileSystemItem.m */,
			);
			name = FileSystem;
			sourceTree = "<group>";
		};
		7EF250C21A2EA6BC00D7D33A /* Frameworks */ = {
			isa = PBXGroup;
			children = (
				7EF250C01A2EA6AF00D7D33A /* OpenGL.framework */,
			);
			name = Frameworks;
			sourceTree = "<group>";
		};
		7EF250C51A2EA74D00D7D33A /* Preview */ = {
			isa = PBXGroup;
			children = (
				7EF250CF1A2EAE0200D7D33A /* QMPreviewController.h */,
				7EF250D01A2EAE0200D7D33A /* QMPreviewController.m */,
				7EF250D11A2EAE0200D7D33A /* QMPreviewController.xib */,
				7EF250D21A2EAE0200D7D33A /* QMPreviewer.h */,
				7EF250D31A2EAE0200D7D33A /* QMPreviewer.m */,
			);
			name = Preview;
			sourceTree = "<group>";
		};
		7EF250CE1A2EACEC00D7D33A /* SceneView */ = {
			isa = PBXGroup;
			children = (
				7ED6A5D11A52533A00C3606F /* QMSceneViewController.h */,
				7ED6A5D21A52533A00C3606F /* QMSceneViewController.m */,
				7ED6A5D31A52533A00C3606F /* QMSceneViewController.xib */,
				7ED6A5D61A52535800C3606F /* QMSceneView.h */,
				7ED6A5D71A52535800C3606F /* QMSceneView.m */,
			);
			name = SceneView;
			sourceTree = "<group>";
		};
		7EF250DA1A2EAE2200D7D33A /* ProjectView */ = {
			isa = PBXGroup;
			children = (
				7EDEF6C31A4A68A900645F8C /* QMProjectView.h */,
				7EDEF6C41A4A68A900645F8C /* QMProjectView.m */,
				7EDEF6C51A4A68A900645F8C /* QMProjectView.xib */,
				7EDEF6C61A4A68A900645F8C /* QMProjectViewController.h */,
				7EDEF6C71A4A68A900645F8C /* QMProjectViewController.m */,
			);
			name = ProjectView;
			path = UI/ProjectView;
			sourceTree = "<group>";
		};
		7EF250E51A2EAF0A00D7D33A /* Layout */ = {
			isa = PBXGroup;
			children = (
			);
			name = Layout;
			sourceTree = "<group>";
		};
		7EF250E61A2EAF2F00D7D33A /* InspectorView */ = {
			isa = PBXGroup;
			children = (
			);
			name = InspectorView;
			sourceTree = "<group>";
		};
/* End PBXGroup section */

/* Begin PBXNativeTarget section */
		7EAFA7901A2817B60047D9AF /* QMiniIDE */ = {
			isa = PBXNativeTarget;
			buildConfigurationList = 7EAFA7AE1A2817B60047D9AF /* Build configuration list for PBXNativeTarget "QMiniIDE" */;
			buildPhases = (
				7EAFA78D1A2817B60047D9AF /* Sources */,
				7EAFA78E1A2817B60047D9AF /* Frameworks */,
				7EAFA78F1A2817B60047D9AF /* Resources */,
			);
			buildRules = (
			);
			dependencies = (
			);
			name = QMiniIDE;
			productName = QMiniIDE;
			productReference = 7EAFA7911A2817B60047D9AF /* QMiniIDE.app */;
			productType = "com.apple.product-type.application";
		};
		7EAFA7A31A2817B60047D9AF /* QMiniIDETests */ = {
			isa = PBXNativeTarget;
			buildConfigurationList = 7EAFA7B11A2817B60047D9AF /* Build configuration list for PBXNativeTarget "QMiniIDETests" */;
			buildPhases = (
				7EAFA7A01A2817B60047D9AF /* Sources */,
				7EAFA7A11A2817B60047D9AF /* Frameworks */,
				7EAFA7A21A2817B60047D9AF /* Resources */,
			);
			buildRules = (
			);
			dependencies = (
				7EAFA7A61A2817B60047D9AF /* PBXTargetDependency */,
			);
			name = QMiniIDETests;
			productName = QMiniIDETests;
			productReference = 7EAFA7A41A2817B60047D9AF /* QMiniIDETests.xctest */;
			productType = "com.apple.product-type.bundle.unit-test";
		};
/* End PBXNativeTarget section */

/* Begin PBXProject section */
		7EAFA7891A2817B60047D9AF /* Project object */ = {
			isa = PBXProject;
			attributes = {
				LastUpgradeCheck = 0610;
				ORGANIZATIONNAME = binglingshuang;
				TargetAttributes = {
					7EAFA7901A2817B60047D9AF = {
						CreatedOnToolsVersion = 6.1;
					};
					7EAFA7A31A2817B60047D9AF = {
						CreatedOnToolsVersion = 6.1;
						TestTargetID = 7EAFA7901A2817B60047D9AF;
					};
				};
			};
			buildConfigurationList = 7EAFA78C1A2817B60047D9AF /* Build configuration list for PBXProject "QMiniIDE" */;
			compatibilityVersion = "Xcode 3.2";
			developmentRegion = English;
			hasScannedForEncodings = 0;
			knownRegions = (
				en,
				Base,
			);
			mainGroup = 7EAFA7881A2817B60047D9AF;
			productRefGroup = 7EAFA7921A2817B60047D9AF /* Products */;
			projectDirPath = "";
			projectRoot = "";
			targets = (
				7EAFA7901A2817B60047D9AF /* QMiniIDE */,
				7EAFA7A31A2817B60047D9AF /* QMiniIDETests */,
			);
		};
/* End PBXProject section */

/* Begin PBXResourcesBuildPhase section */
		7EAFA78F1A2817B60047D9AF /* Resources */ = {
			isa = PBXResourcesBuildPhase;
			buildActionMask = 2147483647;
			files = (
				7EF250DF1A2EAE5100D7D33A /* QMMainWindow.xib in Resources */,
				7EAFA79C1A2817B60047D9AF /* Images.xcassets in Resources */,
				7EDEF6C91A4A68A900645F8C /* QMProjectView.xib in Resources */,
				7EAFA7B71A2820070047D9AF /* QMAbout.xib in Resources */,
				7EAFA79F1A2817B60047D9AF /* MainMenu.xib in Resources */,
				7ED6A5D51A52533A00C3606F /* QMSceneViewController.xib in Resources */,
				7EF250D51A2EAE0200D7D33A /* QMPreviewController.xib in Resources */,
				7EDEF6D01A4A68F700645F8C /* QMInspectorViewController.xib in Resources */,
			);
			runOnlyForDeploymentPostprocessing = 0;
		};
		7EAFA7A21A2817B60047D9AF /* Resources */ = {
			isa = PBXResourcesBuildPhase;
			buildActionMask = 2147483647;
			files = (
			);
			runOnlyForDeploymentPostprocessing = 0;
		};
/* End PBXResourcesBuildPhase section */

/* Begin PBXSourcesBuildPhase section */
		7EAFA78D1A2817B60047D9AF /* Sources */ = {
			isa = PBXSourcesBuildPhase;
			buildActionMask = 2147483647;
			files = (
				7E0DBAD61A4D2BBC00338412 /* FileSystemItem.m in Sources */,
				7EDEF6C81A4A68A900645F8C /* QMProjectView.m in Sources */,
				7EDEF6CA1A4A68A900645F8C /* QMProjectViewController.m in Sources */,
				7EDEF6D31A4A691700645F8C /* QMInspectorView.m in Sources */,
				7EAFA7BA1A2821A00047D9AF /* QMAboutWindow.m in Sources */,
				7EAFA79A1A2817B60047D9AF /* main.m in Sources */,
				7ED6A5D41A52533A00C3606F /* QMSceneViewController.m in Sources */,
				7EDEF6CF1A4A68F700645F8C /* QMInspectorViewController.m in Sources */,
				7EF250DE1A2EAE5100D7D33A /* QMMainViewController.m in Sources */,
				7EF250D41A2EAE0200D7D33A /* QMPreviewController.m in Sources */,
				7EF250D61A2EAE0200D7D33A /* QMPreviewer.m in Sources */,
				7EF250D91A2EAE1000D7D33A /* QMViewBase.m in Sources */,
				7EAFA7981A2817B60047D9AF /* AppDelegate.m in Sources */,
				7E0DBADB1A4D2FC900338412 /* QMProjectData.cpp in Sources */,
				7ED6A5D01A524D8900C3606F /* QQDirector.cpp in Sources */,
				7ED6A5D81A52535800C3606F /* QMSceneView.m in Sources */,
			);
			runOnlyForDeploymentPostprocessing = 0;
		};
		7EAFA7A01A2817B60047D9AF /* Sources */ = {
			isa = PBXSourcesBuildPhase;
			buildActionMask = 2147483647;
			files = (
				7EAFA7AB1A2817B60047D9AF /* QMiniIDETests.m in Sources */,
			);
			runOnlyForDeploymentPostprocessing = 0;
		};
/* End PBXSourcesBuildPhase section */

/* Begin PBXTargetDependency section */
		7EAFA7A61A2817B60047D9AF /* PBXTargetDependency */ = {
			isa = PBXTargetDependency;
			target = 7EAFA7901A2817B60047D9AF /* QMiniIDE */;
			targetProxy = 7EAFA7A51A2817B60047D9AF /* PBXContainerItemProxy */;
		};
/* End PBXTargetDependency section */

/* Begin PBXVariantGroup section */
		7EAFA79D1A2817B60047D9AF /* MainMenu.xib */ = {
			isa = PBXVariantGroup;
			children = (
				7EAFA79E1A2817B60047D9AF /* Base */,
			);
			name = MainMenu.xib;
			sourceTree = "<group>";
		};
/* End PBXVariantGroup section */

/* Begin XCBuildConfiguration section */
		7EAFA7AC1A2817B60047D9AF /* Debug */ = {
			isa = XCBuildConfiguration;
			buildSettings = {
				ALWAYS_SEARCH_USER_PATHS = NO;
				CLANG_CXX_LANGUAGE_STANDARD = "gnu++0x";
				CLANG_CXX_LIBRARY = "libc++";
				CLANG_ENABLE_MODULES = YES;
				CLANG_ENABLE_OBJC_ARC = YES;
				CLANG_WARN_BOOL_CONVERSION = YES;
				CLANG_WARN_CONSTANT_CONVERSION = YES;
				CLANG_WARN_DIRECT_OBJC_ISA_USAGE = YES_ERROR;
				CLANG_WARN_EMPTY_BODY = YES;
				CLANG_WARN_ENUM_CONVERSION = YES;
				CLANG_WARN_INT_CONVERSION = YES;
				CLANG_WARN_OBJC_ROOT_CLASS = YES_ERROR;
				CLANG_WARN_UNREACHABLE_CODE = YES;
				CLANG_WARN__DUPLICATE_METHOD_MATCH = YES;
				CODE_SIGN_IDENTITY = "-";
				COPY_PHASE_STRIP = NO;
				ENABLE_STRICT_OBJC_MSGSEND = YES;
				GCC_C_LANGUAGE_STANDARD = gnu99;
				GCC_DYNAMIC_NO_PIC = NO;
				GCC_OPTIMIZATION_LEVEL = 0;
				GCC_PREPROCESSOR_DEFINITIONS = (
					"DEBUG=1",
					"$(inherited)",
				);
				GCC_SYMBOLS_PRIVATE_EXTERN = NO;
				GCC_WARN_64_TO_32_BIT_CONVERSION = YES;
				GCC_WARN_ABOUT_RETURN_TYPE = YES_ERROR;
				GCC_WARN_UNDECLARED_SELECTOR = YES;
				GCC_WARN_UNINITIALIZED_AUTOS = YES_AGGRESSIVE;
				GCC_WARN_UNUSED_FUNCTION = YES;
				GCC_WARN_UNUSED_VARIABLE = YES;
				MACOSX_DEPLOYMENT_TARGET = 10.9;
				MTL_ENABLE_DEBUG_INFO = YES;
				ONLY_ACTIVE_ARCH = YES;
				SDKROOT = macosx;
			};
			name = Debug;
		};
		7EAFA7AD1A2817B60047D9AF /* Release */ = {
			isa = XCBuildConfiguration;
			buildSettings = {
				ALWAYS_SEARCH_USER_PATHS = NO;
				CLANG_CXX_LANGUAGE_STANDARD = "gnu++0x";
				CLANG_CXX_LIBRARY = "libc++";
				CLANG_ENABLE_MODULES = YES;
				CLANG_ENABLE_OBJC_ARC = YES;
				CLANG_WARN_BOOL_CONVERSION = YES;
				CLANG_WARN_CONSTANT_CONVERSION = YES;
				CLANG_WARN_DIRECT_OBJC_ISA_USAGE = YES_ERROR;
				CLANG_WARN_EMPTY_BODY = YES;
				CLANG_WARN_ENUM_CONVERSION = YES;
				CLANG_WARN_INT_CONVERSION = YES;
				CLANG_WARN_OBJC_ROOT_CLASS = YES_ERROR;
				CLANG_WARN_UNREACHABLE_CODE = YES;
				CLANG_WARN__DUPLICATE_METHOD_MATCH = YES;
				CODE_SIGN_IDENTITY = "-";
				COPY_PHASE_STRIP = YES;
				DEBUG_INFORMATION_FORMAT = "dwarf-with-dsym";
				ENABLE_NS_ASSERTIONS = NO;
				ENABLE_STRICT_OBJC_MSGSEND = YES;
				GCC_C_LANGUAGE_STANDARD = gnu99;
				GCC_WARN_64_TO_32_BIT_CONVERSION = YES;
				GCC_WARN_ABOUT_RETURN_TYPE = YES_ERROR;
				GCC_WARN_UNDECLARED_SELECTOR = YES;
				GCC_WARN_UNINITIALIZED_AUTOS = YES_AGGRESSIVE;
				GCC_WARN_UNUSED_FUNCTION = YES;
				GCC_WARN_UNUSED_VARIABLE = YES;
				MACOSX_DEPLOYMENT_TARGET = 10.9;
				MTL_ENABLE_DEBUG_INFO = NO;
				SDKROOT = macosx;
			};
			name = Release;
		};
		7EAFA7AF1A2817B60047D9AF /* Debug */ = {
			isa = XCBuildConfiguration;
			buildSettings = {
				ASSETCATALOG_COMPILER_APPICON_NAME = AppIcon;
				COMBINE_HIDPI_IMAGES = YES;
				GCC_PREPROCESSOR_DEFINITIONS = (
					"DEBUG=1",
					"$(inherited)",
					QM_DEBUG,
				);
				INFOPLIST_FILE = QMiniIDE/Info.plist;
				LD_RUNPATH_SEARCH_PATHS = "$(inherited) @executable_path/../Frameworks";
				PRODUCT_NAME = "$(TARGET_NAME)";
			};
			name = Debug;
		};
		7EAFA7B01A2817B60047D9AF /* Release */ = {
			isa = XCBuildConfiguration;
			buildSettings = {
				ASSETCATALOG_COMPILER_APPICON_NAME = AppIcon;
				COMBINE_HIDPI_IMAGES = YES;
				INFOPLIST_FILE = QMiniIDE/Info.plist;
				LD_RUNPATH_SEARCH_PATHS = "$(inherited) @executable_path/../Frameworks";
				PRODUCT_NAME = "$(TARGET_NAME)";
			};
			name = Release;
		};
		7EAFA7B21A2817B60047D9AF /* Debug */ = {
			isa = XCBuildConfiguration;
			buildSettings = {
				BUNDLE_LOADER = "$(TEST_HOST)";
				COMBINE_HIDPI_IMAGES = YES;
				FRAMEWORK_SEARCH_PATHS = (
					"$(DEVELOPER_FRAMEWORKS_DIR)",
					"$(inherited)",
				);
				GCC_PREPROCESSOR_DEFINITIONS = (
					"DEBUG=1",
					"$(inherited)",
				);
				INFOPLIST_FILE = QMiniIDETests/Info.plist;
				LD_RUNPATH_SEARCH_PATHS = "$(inherited) @executable_path/../Frameworks @loader_path/../Frameworks";
				PRODUCT_NAME = "$(TARGET_NAME)";
				TEST_HOST = "$(BUILT_PRODUCTS_DIR)/QMiniIDE.app/Contents/MacOS/QMiniIDE";
			};
			name = Debug;
		};
		7EAFA7B31A2817B60047D9AF /* Release */ = {
			isa = XCBuildConfiguration;
			buildSettings = {
				BUNDLE_LOADER = "$(TEST_HOST)";
				COMBINE_HIDPI_IMAGES = YES;
				FRAMEWORK_SEARCH_PATHS = (
					"$(DEVELOPER_FRAMEWORKS_DIR)",
					"$(inherited)",
				);
				INFOPLIST_FILE = QMiniIDETests/Info.plist;
				LD_RUNPATH_SEARCH_PATHS = "$(inherited) @executable_path/../Frameworks @loader_path/../Frameworks";
				PRODUCT_NAME = "$(TARGET_NAME)";
				TEST_HOST = "$(BUILT_PRODUCTS_DIR)/QMiniIDE.app/Contents/MacOS/QMiniIDE";
			};
			name = Release;
		};
/* End XCBuildConfiguration section */

/* Begin XCConfigurationList section */
		7EAFA78C1A2817B60047D9AF /* Build configuration list for PBXProject "QMiniIDE" */ = {
			isa = XCConfigurationList;
			buildConfigurations = (
				7EAFA7AC1A2817B60047D9AF /* Debug */,
				7EAFA7AD1A2817B60047D9AF /* Release */,
			);
			defaultConfigurationIsVisible = 0;
			defaultConfigurationName = Release;
		};
		7EAFA7AE1A2817B60047D9AF /* Build configuration list for PBXNativeTarget "QMiniIDE" */ = {
			isa = XCConfigurationList;
			buildConfigurations = (
				7EAFA7AF1A2817B60047D9AF /* Debug */,
				7EAFA7B01A2817B60047D9AF /* Release */,
			);
			defaultConfigurationIsVisible = 0;
			defaultConfigurationName = Release;
		};
		7EAFA7B11A2817B60047D9AF /* Build configuration list for PBXNativeTarget "QMiniIDETests" */ = {
			isa = XCConfigurationList;
			buildConfigurations = (
				7EAFA7B21A2817B60047D9AF /* Debug */,
				7EAFA7B31A2817B60047D9AF /* Release */,
			);
			defaultConfigurationIsVisible = 0;
			defaultConfigurationName = Release;
		};
/* End XCConfigurationList section */
	};
	rootObject = 7EAFA7891A2817B60047D9AF /* Project object */;
}
