// !$*UTF8*$!
{
	archiveVersion = 1;
	classes = {
	};
	objectVersion = 46;
	objects = {

/* Begin PBXBuildFile section */
		7E9031D71A2BFFC5007ACFF6 /* QMViewBase.m in Sources */ = {isa = PBXBuildFile; fileRef = 7E9031D61A2BFFC5007ACFF6 /* QMViewBase.m */; };
		7E9031DB1A2C04F6007ACFF6 /* NSView+BackgroundColor.m in Sources */ = {isa = PBXBuildFile; fileRef = 7E9031DA1A2C04F6007ACFF6 /* NSView+BackgroundColor.m */; };
		7E9031DF1A2C0B03007ACFF6 /* QMPreviewController.m in Sources */ = {isa = PBXBuildFile; fileRef = 7E9031DD1A2C0B03007ACFF6 /* QMPreviewController.m */; };
		7E9031E01A2C0B03007ACFF6 /* QMPreviewController.xib in Resources */ = {isa = PBXBuildFile; fileRef = 7E9031DE1A2C0B03007ACFF6 /* QMPreviewController.xib */; };
		7EAC8A871A28658F0035C807 /* QMResourceController.m in Sources */ = {isa = PBXBuildFile; fileRef = 7EAC8A851A28658F0035C807 /* QMResourceController.m */; };
		7EAC8A881A28658F0035C807 /* QMResourceView.xib in Resources */ = {isa = PBXBuildFile; fileRef = 7EAC8A861A28658F0035C807 /* QMResourceView.xib */; };
		7EAFA7981A2817B60047D9AF /* AppDelegate.m in Sources */ = {isa = PBXBuildFile; fileRef = 7EAFA7971A2817B60047D9AF /* AppDelegate.m */; };
		7EAFA79A1A2817B60047D9AF /* main.m in Sources */ = {isa = PBXBuildFile; fileRef = 7EAFA7991A2817B60047D9AF /* main.m */; };
		7EAFA79C1A2817B60047D9AF /* Images.xcassets in Resources */ = {isa = PBXBuildFile; fileRef = 7EAFA79B1A2817B60047D9AF /* Images.xcassets */; };
		7EAFA79F1A2817B60047D9AF /* MainMenu.xib in Resources */ = {isa = PBXBuildFile; fileRef = 7EAFA79D1A2817B60047D9AF /* MainMenu.xib */; };
		7EAFA7AB1A2817B60047D9AF /* QMiniIDETests.m in Sources */ = {isa = PBXBuildFile; fileRef = 7EAFA7AA1A2817B60047D9AF /* QMiniIDETests.m */; };
		7EAFA7B71A2820070047D9AF /* QMAbout.xib in Resources */ = {isa = PBXBuildFile; fileRef = 7EAFA7B61A2820070047D9AF /* QMAbout.xib */; };
		7EAFA7BA1A2821A00047D9AF /* QMAboutWindow.m in Sources */ = {isa = PBXBuildFile; fileRef = 7EAFA7B91A2821A00047D9AF /* QMAboutWindow.m */; };
		7EAFA7C21A2848950047D9AF /* QMMainViewController.m in Sources */ = {isa = PBXBuildFile; fileRef = 7EAFA7C01A2848950047D9AF /* QMMainViewController.m */; };
		7EAFA7C31A2848950047D9AF /* QMMainWindow.xib in Resources */ = {isa = PBXBuildFile; fileRef = 7EAFA7C11A2848950047D9AF /* QMMainWindow.xib */; };
/* End PBXBuildFile section */

/* Begin PBXContainerItemProxy section */
		7EAFA7A51A2817B60047D9AF /* PBXContainerItemProxy */ = {
			isa = PBXContainerItemProxy;
			containerPortal = 7EAFA7891A2817B60047D9AF /* Project object */;
			proxyType = 1;
			remoteGlobalIDString = 7EAFA7901A2817B60047D9AF;
			remoteInfo = QMiniIDE;
		};
/* End PBXContainerItemProxy section */

/* Begin PBXFileReference section */
		7E9031D51A2BFFC5007ACFF6 /* QMViewBase.h */ = {isa = PBXFileReference; fileEncoding = 4; lastKnownFileType = sourcecode.c.h; name = QMViewBase.h; path = MainView/Base/QMViewBase.h; sourceTree = "<group>"; };
		7E9031D61A2BFFC5007ACFF6 /* QMViewBase.m */ = {isa = PBXFileReference; fileEncoding = 4; lastKnownFileType = sourcecode.c.objc; name = QMViewBase.m; path = MainView/Base/QMViewBase.m; sourceTree = "<group>"; };
		7E9031D91A2C04F6007ACFF6 /* NSView+BackgroundColor.h */ = {isa = PBXFileReference; fileEncoding = 4; lastKnownFileType = sourcecode.c.h; name = "NSView+BackgroundColor.h"; path = "Util/Categories/NSView+BackgroundColor.h"; sourceTree = "<group>"; };
		7E9031DA1A2C04F6007ACFF6 /* NSView+BackgroundColor.m */ = {isa = PBXFileReference; fileEncoding = 4; lastKnownFileType = sourcecode.c.objc; name = "NSView+BackgroundColor.m"; path = "Util/Categories/NSView+BackgroundColor.m"; sourceTree = "<group>"; };
		7E9031DC1A2C0B03007ACFF6 /* QMPreviewController.h */ = {isa = PBXFileReference; fileEncoding = 4; lastKnownFileType = sourcecode.c.h; name = QMPreviewController.h; path = MainView/QMPreviewController.h; sourceTree = "<group>"; };
		7E9031DD1A2C0B03007ACFF6 /* QMPreviewController.m */ = {isa = PBXFileReference; fileEncoding = 4; lastKnownFileType = sourcecode.c.objc; name = QMPreviewController.m; path = MainView/QMPreviewController.m; sourceTree = "<group>"; };
		7E9031DE1A2C0B03007ACFF6 /* QMPreviewController.xib */ = {isa = PBXFileReference; fileEncoding = 4; lastKnownFileType = file.xib; name = QMPreviewController.xib; path = MainView/QMPreviewController.xib; sourceTree = "<group>"; };
		7EAC8A841A28658F0035C807 /* QMResourceController.h */ = {isa = PBXFileReference; fileEncoding = 4; lastKnownFileType = sourcecode.c.h; name = QMResourceController.h; path = MainView/QMResourceController.h; sourceTree = "<group>"; };
		7EAC8A851A28658F0035C807 /* QMResourceController.m */ = {isa = PBXFileReference; fileEncoding = 4; lastKnownFileType = sourcecode.c.objc; name = QMResourceController.m; path = MainView/QMResourceController.m; sourceTree = "<group>"; };
		7EAC8A861A28658F0035C807 /* QMResourceView.xib */ = {isa = PBXFileReference; fileEncoding = 4; lastKnownFileType = file.xib; name = QMResourceView.xib; path = MainView/QMResourceView.xib; sourceTree = "<group>"; };
		7EAC8A8A1A286A750035C807 /* QMCommonMacro.h */ = {isa = PBXFileReference; lastKnownFileType = sourcecode.c.h; name = QMCommonMacro.h; path = Util/QMCommonMacro.h; sourceTree = "<group>"; };
		7EAFA7911A2817B60047D9AF /* QMiniIDE.app */ = {isa = PBXFileReference; explicitFileType = wrapper.application; includeInIndex = 0; path = QMiniIDE.app; sourceTree = BUILT_PRODUCTS_DIR; };
		7EAFA7951A2817B60047D9AF /* Info.plist */ = {isa = PBXFileReference; lastKnownFileType = text.plist.xml; path = Info.plist; sourceTree = "<group>"; };
		7EAFA7961A2817B60047D9AF /* AppDelegate.h */ = {isa = PBXFileReference; lastKnownFileType = sourcecode.c.h; path = AppDelegate.h; sourceTree = "<group>"; };
		7EAFA7971A2817B60047D9AF /* AppDelegate.m */ = {isa = PBXFileReference; lastKnownFileType = sourcecode.c.objc; path = AppDelegate.m; sourceTree = "<group>"; };
		7EAFA7991A2817B60047D9AF /* main.m */ = {isa = PBXFileReference; lastKnownFileType = sourcecode.c.objc; path = main.m; sourceTree = "<group>"; };
		7EAFA79B1A2817B60047D9AF /* Images.xcassets */ = {isa = PBXFileReference; lastKnownFileType = folder.assetcatalog; path = Images.xcassets; sourceTree = "<group>"; };
		7EAFA79E1A2817B60047D9AF /* Base */ = {isa = PBXFileReference; lastKnownFileType = file.xib; name = Base; path = Base.lproj/MainMenu.xib; sourceTree = "<group>"; };
		7EAFA7A41A2817B60047D9AF /* QMiniIDETests.xctest */ = {isa = PBXFileReference; explicitFileType = wrapper.cfbundle; includeInIndex = 0; path = QMiniIDETests.xctest; sourceTree = BUILT_PRODUCTS_DIR; };
		7EAFA7A91A2817B60047D9AF /* Info.plist */ = {isa = PBXFileReference; lastKnownFileType = text.plist.xml; path = Info.plist; sourceTree = "<group>"; };
		7EAFA7AA1A2817B60047D9AF /* QMiniIDETests.m */ = {isa = PBXFileReference; lastKnownFileType = sourcecode.c.objc; path = QMiniIDETests.m; sourceTree = "<group>"; };
		7EAFA7B61A2820070047D9AF /* QMAbout.xib */ = {isa = PBXFileReference; fileEncoding = 4; lastKnownFileType = file.xib; name = QMAbout.xib; path = About/QMAbout.xib; sourceTree = "<group>"; };
		7EAFA7B81A2821A00047D9AF /* QMAboutWindow.h */ = {isa = PBXFileReference; fileEncoding = 4; lastKnownFileType = sourcecode.c.h; name = QMAboutWindow.h; path = About/QMAboutWindow.h; sourceTree = "<group>"; };
		7EAFA7B91A2821A00047D9AF /* QMAboutWindow.m */ = {isa = PBXFileReference; fileEncoding = 4; lastKnownFileType = sourcecode.c.objc; name = QMAboutWindow.m; path = About/QMAboutWindow.m; sourceTree = "<group>"; };
		7EAFA7BF1A2848950047D9AF /* QMMainViewController.h */ = {isa = PBXFileReference; fileEncoding = 4; lastKnownFileType = sourcecode.c.h; name = QMMainViewController.h; path = MainView/QMMainViewController.h; sourceTree = "<group>"; };
		7EAFA7C01A2848950047D9AF /* QMMainViewController.m */ = {isa = PBXFileReference; fileEncoding = 4; lastKnownFileType = sourcecode.c.objc; name = QMMainViewController.m; path = MainView/QMMainViewController.m; sourceTree = "<group>"; };
		7EAFA7C11A2848950047D9AF /* QMMainWindow.xib */ = {isa = PBXFileReference; fileEncoding = 4; lastKnownFileType = file.xib; name = QMMainWindow.xib; path = MainView/QMMainWindow.xib; sourceTree = "<group>"; };
/* End PBXFileReference section */

/* Begin PBXFrameworksBuildPhase section */
		7EAFA78E1A2817B60047D9AF /* Frameworks */ = {
			isa = PBXFrameworksBuildPhase;
			buildActionMask = 2147483647;
			files = (
			);
			runOnlyForDeploymentPostprocessing = 0;
		};
		7EAFA7A11A2817B60047D9AF /* Frameworks */ = {
			isa = PBXFrameworksBuildPhase;
			buildActionMask = 2147483647;
			files = (
			);
			runOnlyForDeploymentPostprocessing = 0;
		};
/* End PBXFrameworksBuildPhase section */

/* Begin PBXGroup section */
		7E9031D41A2BFF9C007ACFF6 /* Base */ = {
			isa = PBXGroup;
			children = (
				7E9031D51A2BFFC5007ACFF6 /* QMViewBase.h */,
				7E9031D61A2BFFC5007ACFF6 /* QMViewBase.m */,
			);
			name = Base;
			sourceTree = "<group>";
		};
		7E9031D81A2C04AA007ACFF6 /* Categories */ = {
			isa = PBXGroup;
			children = (
				7E9031D91A2C04F6007ACFF6 /* NSView+BackgroundColor.h */,
				7E9031DA1A2C04F6007ACFF6 /* NSView+BackgroundColor.m */,
			);
			name = Categories;
			sourceTree = "<group>";
		};
		7EAC8A891A286A560035C807 /* Util */ = {
			isa = PBXGroup;
			children = (
				7E9031D81A2C04AA007ACFF6 /* Categories */,
				7EAC8A8A1A286A750035C807 /* QMCommonMacro.h */,
			);
			name = Util;
			sourceTree = "<group>";
		};
		7EAFA7881A2817B60047D9AF = {
			isa = PBXGroup;
			children = (
				7EAFA7931A2817B60047D9AF /* QMiniIDE */,
				7EAFA7A71A2817B60047D9AF /* QMiniIDETests */,
				7EAFA7921A2817B60047D9AF /* Products */,
			);
			sourceTree = "<group>";
		};
		7EAFA7921A2817B60047D9AF /* Products */ = {
			isa = PBXGroup;
			children = (
				7EAFA7911A2817B60047D9AF /* QMiniIDE.app */,
				7EAFA7A41A2817B60047D9AF /* QMiniIDETests.xctest */,
			);
			name = Products;
			sourceTree = "<group>";
		};
		7EAFA7931A2817B60047D9AF /* QMiniIDE */ = {
			isa = PBXGroup;
			children = (
				7EAC8A891A286A560035C807 /* Util */,
				7EAFA7BE1A2848290047D9AF /* MainView */,
				7EAFA7B51A281FBD0047D9AF /* About */,
				7EAFA7961A2817B60047D9AF /* AppDelegate.h */,
				7EAFA7971A2817B60047D9AF /* AppDelegate.m */,
				7EAFA79B1A2817B60047D9AF /* Images.xcassets */,
				7EAFA79D1A2817B60047D9AF /* MainMenu.xib */,
				7EAFA7941A2817B60047D9AF /* Supporting Files */,
			);
			path = QMiniIDE;
			sourceTree = "<group>";
		};
		7EAFA7941A2817B60047D9AF /* Supporting Files */ = {
			isa = PBXGroup;
			children = (
				7EAFA7951A2817B60047D9AF /* Info.plist */,
				7EAFA7991A2817B60047D9AF /* main.m */,
			);
			name = "Supporting Files";
			sourceTree = "<group>";
		};
		7EAFA7A71A2817B60047D9AF /* QMiniIDETests */ = {
			isa = PBXGroup;
			children = (
				7EAFA7AA1A2817B60047D9AF /* QMiniIDETests.m */,
				7EAFA7A81A2817B60047D9AF /* Supporting Files */,
			);
			path = QMiniIDETests;
			sourceTree = "<group>";
		};
		7EAFA7A81A2817B60047D9AF /* Supporting Files */ = {
			isa = PBXGroup;
			children = (
				7EAFA7A91A2817B60047D9AF /* Info.plist */,
			);
			name = "Supporting Files";
			sourceTree = "<group>";
		};
		7EAFA7B51A281FBD0047D9AF /* About */ = {
			isa = PBXGroup;
			children = (
				7EAFA7B61A2820070047D9AF /* QMAbout.xib */,
				7EAFA7B81A2821A00047D9AF /* QMAboutWindow.h */,
				7EAFA7B91A2821A00047D9AF /* QMAboutWindow.m */,
			);
			name = About;
			sourceTree = "<group>";
		};
		7EAFA7BE1A2848290047D9AF /* MainView */ = {
			isa = PBXGroup;
			children = (
				7E9031D41A2BFF9C007ACFF6 /* Base */,
				7EAFA7BF1A2848950047D9AF /* QMMainViewController.h */,
				7EAFA7C01A2848950047D9AF /* QMMainViewController.m */,
				7EAFA7C11A2848950047D9AF /* QMMainWindow.xib */,
				7EAC8A841A28658F0035C807 /* QMResourceController.h */,
				7EAC8A851A28658F0035C807 /* QMResourceController.m */,
				7EAC8A861A28658F0035C807 /* QMResourceView.xib */,
				7E9031DC1A2C0B03007ACFF6 /* QMPreviewController.h */,
				7E9031DD1A2C0B03007ACFF6 /* QMPreviewController.m */,
				7E9031DE1A2C0B03007ACFF6 /* QMPreviewController.xib */,
			);
			name = MainView;
			sourceTree = "<group>";
		};
/* End PBXGroup section */

/* Begin PBXNativeTarget section */
		7EAFA7901A2817B60047D9AF /* QMiniIDE */ = {
			isa = PBXNativeTarget;
			buildConfigurationList = 7EAFA7AE1A2817B60047D9AF /* Build configuration list for PBXNativeTarget "QMiniIDE" */;
			buildPhases = (
				7EAFA78D1A2817B60047D9AF /* Sources */,
				7EAFA78E1A2817B60047D9AF /* Frameworks */,
				7EAFA78F1A2817B60047D9AF /* Resources */,
			);
			buildRules = (
			);
			dependencies = (
			);
			name = QMiniIDE;
			productName = QMiniIDE;
			productReference = 7EAFA7911A2817B60047D9AF /* QMiniIDE.app */;
			productType = "com.apple.product-type.application";
		};
		7EAFA7A31A2817B60047D9AF /* QMiniIDETests */ = {
			isa = PBXNativeTarget;
			buildConfigurationList = 7EAFA7B11A2817B60047D9AF /* Build configuration list for PBXNativeTarget "QMiniIDETests" */;
			buildPhases = (
				7EAFA7A01A2817B60047D9AF /* Sources */,
				7EAFA7A11A2817B60047D9AF /* Frameworks */,
				7EAFA7A21A2817B60047D9AF /* Resources */,
			);
			buildRules = (
			);
			dependencies = (
				7EAFA7A61A2817B60047D9AF /* PBXTargetDependency */,
			);
			name = QMiniIDETests;
			productName = QMiniIDETests;
			productReference = 7EAFA7A41A2817B60047D9AF /* QMiniIDETests.xctest */;
			productType = "com.apple.product-type.bundle.unit-test";
		};
/* End PBXNativeTarget section */

/* Begin PBXProject section */
		7EAFA7891A2817B60047D9AF /* Project object */ = {
			isa = PBXProject;
			attributes = {
				LastUpgradeCheck = 0610;
				ORGANIZATIONNAME = binglingshuang;
				TargetAttributes = {
					7EAFA7901A2817B60047D9AF = {
						CreatedOnToolsVersion = 6.1;
					};
					7EAFA7A31A2817B60047D9AF = {
						CreatedOnToolsVersion = 6.1;
						TestTargetID = 7EAFA7901A2817B60047D9AF;
					};
				};
			};
			buildConfigurationList = 7EAFA78C1A2817B60047D9AF /* Build configuration list for PBXProject "QMiniIDE" */;
			compatibilityVersion = "Xcode 3.2";
			developmentRegion = English;
			hasScannedForEncodings = 0;
			knownRegions = (
				en,
				Base,
			);
			mainGroup = 7EAFA7881A2817B60047D9AF;
			productRefGroup = 7EAFA7921A2817B60047D9AF /* Products */;
			projectDirPath = "";
			projectRoot = "";
			targets = (
				7EAFA7901A2817B60047D9AF /* QMiniIDE */,
				7EAFA7A31A2817B60047D9AF /* QMiniIDETests */,
			);
		};
/* End PBXProject section */

/* Begin PBXResourcesBuildPhase section */
		7EAFA78F1A2817B60047D9AF /* Resources */ = {
			isa = PBXResourcesBuildPhase;
			buildActionMask = 2147483647;
			files = (
				7EAFA79C1A2817B60047D9AF /* Images.xcassets in Resources */,
				7EAFA7B71A2820070047D9AF /* QMAbout.xib in Resources */,
				7EAFA79F1A2817B60047D9AF /* MainMenu.xib in Resources */,
				7EAFA7C31A2848950047D9AF /* QMMainWindow.xib in Resources */,
				7E9031E01A2C0B03007ACFF6 /* QMPreviewController.xib in Resources */,
				7EAC8A881A28658F0035C807 /* QMResourceView.xib in Resources */,
			);
			runOnlyForDeploymentPostprocessing = 0;
		};
		7EAFA7A21A2817B60047D9AF /* Resources */ = {
			isa = PBXResourcesBuildPhase;
			buildActionMask = 2147483647;
			files = (
			);
			runOnlyForDeploymentPostprocessing = 0;
		};
/* End PBXResourcesBuildPhase section */

/* Begin PBXSourcesBuildPhase section */
		7EAFA78D1A2817B60047D9AF /* Sources */ = {
			isa = PBXSourcesBuildPhase;
			buildActionMask = 2147483647;
			files = (
				7E9031DB1A2C04F6007ACFF6 /* NSView+BackgroundColor.m in Sources */,
				7EAFA7BA1A2821A00047D9AF /* QMAboutWindow.m in Sources */,
				7EAC8A871A28658F0035C807 /* QMResourceController.m in Sources */,
				7EAFA79A1A2817B60047D9AF /* main.m in Sources */,
				7E9031DF1A2C0B03007ACFF6 /* QMPreviewController.m in Sources */,
				7E9031D71A2BFFC5007ACFF6 /* QMViewBase.m in Sources */,
				7EAFA7981A2817B60047D9AF /* AppDelegate.m in Sources */,
				7EAFA7C21A2848950047D9AF /* QMMainViewController.m in Sources */,
			);
			runOnlyForDeploymentPostprocessing = 0;
		};
		7EAFA7A01A2817B60047D9AF /* Sources */ = {
			isa = PBXSourcesBuildPhase;
			buildActionMask = 2147483647;
			files = (
				7EAFA7AB1A2817B60047D9AF /* QMiniIDETests.m in Sources */,
			);
			runOnlyForDeploymentPostprocessing = 0;
		};
/* End PBXSourcesBuildPhase section */

/* Begin PBXTargetDependency section */
		7EAFA7A61A2817B60047D9AF /* PBXTargetDependency */ = {
			isa = PBXTargetDependency;
			target = 7EAFA7901A2817B60047D9AF /* QMiniIDE */;
			targetProxy = 7EAFA7A51A2817B60047D9AF /* PBXContainerItemProxy */;
		};
/* End PBXTargetDependency section */

/* Begin PBXVariantGroup section */
		7EAFA79D1A2817B60047D9AF /* MainMenu.xib */ = {
			isa = PBXVariantGroup;
			children = (
				7EAFA79E1A2817B60047D9AF /* Base */,
			);
			name = MainMenu.xib;
			sourceTree = "<group>";
		};
/* End PBXVariantGroup section */

/* Begin XCBuildConfiguration section */
		7EAFA7AC1A2817B60047D9AF /* Debug */ = {
			isa = XCBuildConfiguration;
			buildSettings = {
				ALWAYS_SEARCH_USER_PATHS = NO;
				CLANG_CXX_LANGUAGE_STANDARD = "gnu++0x";
				CLANG_CXX_LIBRARY = "libc++";
				CLANG_ENABLE_MODULES = YES;
				CLANG_ENABLE_OBJC_ARC = YES;
				CLANG_WARN_BOOL_CONVERSION = YES;
				CLANG_WARN_CONSTANT_CONVERSION = YES;
				CLANG_WARN_DIRECT_OBJC_ISA_USAGE = YES_ERROR;
				CLANG_WARN_EMPTY_BODY = YES;
				CLANG_WARN_ENUM_CONVERSION = YES;
				CLANG_WARN_INT_CONVERSION = YES;
				CLANG_WARN_OBJC_ROOT_CLASS = YES_ERROR;
				CLANG_WARN_UNREACHABLE_CODE = YES;
				CLANG_WARN__DUPLICATE_METHOD_MATCH = YES;
				CODE_SIGN_IDENTITY = "-";
				COPY_PHASE_STRIP = NO;
				ENABLE_STRICT_OBJC_MSGSEND = YES;
				GCC_C_LANGUAGE_STANDARD = gnu99;
				GCC_DYNAMIC_NO_PIC = NO;
				GCC_OPTIMIZATION_LEVEL = 0;
				GCC_PREPROCESSOR_DEFINITIONS = (
					"DEBUG=1",
					"$(inherited)",
				);
				GCC_SYMBOLS_PRIVATE_EXTERN = NO;
				GCC_WARN_64_TO_32_BIT_CONVERSION = YES;
				GCC_WARN_ABOUT_RETURN_TYPE = YES_ERROR;
				GCC_WARN_UNDECLARED_SELECTOR = YES;
				GCC_WARN_UNINITIALIZED_AUTOS = YES_AGGRESSIVE;
				GCC_WARN_UNUSED_FUNCTION = YES;
				GCC_WARN_UNUSED_VARIABLE = YES;
				MACOSX_DEPLOYMENT_TARGET = 10.9;
				MTL_ENABLE_DEBUG_INFO = YES;
				ONLY_ACTIVE_ARCH = YES;
				SDKROOT = macosx;
			};
			name = Debug;
		};
		7EAFA7AD1A2817B60047D9AF /* Release */ = {
			isa = XCBuildConfiguration;
			buildSettings = {
				ALWAYS_SEARCH_USER_PATHS = NO;
				CLANG_CXX_LANGUAGE_STANDARD = "gnu++0x";
				CLANG_CXX_LIBRARY = "libc++";
				CLANG_ENABLE_MODULES = YES;
				CLANG_ENABLE_OBJC_ARC = YES;
				CLANG_WARN_BOOL_CONVERSION = YES;
				CLANG_WARN_CONSTANT_CONVERSION = YES;
				CLANG_WARN_DIRECT_OBJC_ISA_USAGE = YES_ERROR;
				CLANG_WARN_EMPTY_BODY = YES;
				CLANG_WARN_ENUM_CONVERSION = YES;
				CLANG_WARN_INT_CONVERSION = YES;
				CLANG_WARN_OBJC_ROOT_CLASS = YES_ERROR;
				CLANG_WARN_UNREACHABLE_CODE = YES;
				CLANG_WARN__DUPLICATE_METHOD_MATCH = YES;
				CODE_SIGN_IDENTITY = "-";
				COPY_PHASE_STRIP = YES;
				DEBUG_INFORMATION_FORMAT = "dwarf-with-dsym";
				ENABLE_NS_ASSERTIONS = NO;
				ENABLE_STRICT_OBJC_MSGSEND = YES;
				GCC_C_LANGUAGE_STANDARD = gnu99;
				GCC_WARN_64_TO_32_BIT_CONVERSION = YES;
				GCC_WARN_ABOUT_RETURN_TYPE = YES_ERROR;
				GCC_WARN_UNDECLARED_SELECTOR = YES;
				GCC_WARN_UNINITIALIZED_AUTOS = YES_AGGRESSIVE;
				GCC_WARN_UNUSED_FUNCTION = YES;
				GCC_WARN_UNUSED_VARIABLE = YES;
				MACOSX_DEPLOYMENT_TARGET = 10.9;
				MTL_ENABLE_DEBUG_INFO = NO;
				SDKROOT = macosx;
			};
			name = Release;
		};
		7EAFA7AF1A2817B60047D9AF /* Debug */ = {
			isa = XCBuildConfiguration;
			buildSettings = {
				ASSETCATALOG_COMPILER_APPICON_NAME = AppIcon;
				COMBINE_HIDPI_IMAGES = YES;
				INFOPLIST_FILE = QMiniIDE/Info.plist;
				LD_RUNPATH_SEARCH_PATHS = "$(inherited) @executable_path/../Frameworks";
				PRODUCT_NAME = "$(TARGET_NAME)";
			};
			name = Debug;
		};
		7EAFA7B01A2817B60047D9AF /* Release */ = {
			isa = XCBuildConfiguration;
			buildSettings = {
				ASSETCATALOG_COMPILER_APPICON_NAME = AppIcon;
				COMBINE_HIDPI_IMAGES = YES;
				INFOPLIST_FILE = QMiniIDE/Info.plist;
				LD_RUNPATH_SEARCH_PATHS = "$(inherited) @executable_path/../Frameworks";
				PRODUCT_NAME = "$(TARGET_NAME)";
			};
			name = Release;
		};
		7EAFA7B21A2817B60047D9AF /* Debug */ = {
			isa = XCBuildConfiguration;
			buildSettings = {
				BUNDLE_LOADER = "$(TEST_HOST)";
				COMBINE_HIDPI_IMAGES = YES;
				FRAMEWORK_SEARCH_PATHS = (
					"$(DEVELOPER_FRAMEWORKS_DIR)",
					"$(inherited)",
				);
				GCC_PREPROCESSOR_DEFINITIONS = (
					"DEBUG=1",
					"$(inherited)",
				);
				INFOPLIST_FILE = QMiniIDETests/Info.plist;
				LD_RUNPATH_SEARCH_PATHS = "$(inherited) @executable_path/../Frameworks @loader_path/../Frameworks";
				PRODUCT_NAME = "$(TARGET_NAME)";
				TEST_HOST = "$(BUILT_PRODUCTS_DIR)/QMiniIDE.app/Contents/MacOS/QMiniIDE";
			};
			name = Debug;
		};
		7EAFA7B31A2817B60047D9AF /* Release */ = {
			isa = XCBuildConfiguration;
			buildSettings = {
				BUNDLE_LOADER = "$(TEST_HOST)";
				COMBINE_HIDPI_IMAGES = YES;
				FRAMEWORK_SEARCH_PATHS = (
					"$(DEVELOPER_FRAMEWORKS_DIR)",
					"$(inherited)",
				);
				INFOPLIST_FILE = QMiniIDETests/Info.plist;
				LD_RUNPATH_SEARCH_PATHS = "$(inherited) @executable_path/../Frameworks @loader_path/../Frameworks";
				PRODUCT_NAME = "$(TARGET_NAME)";
				TEST_HOST = "$(BUILT_PRODUCTS_DIR)/QMiniIDE.app/Contents/MacOS/QMiniIDE";
			};
			name = Release;
		};
/* End XCBuildConfiguration section */

/* Begin XCConfigurationList section */
		7EAFA78C1A2817B60047D9AF /* Build configuration list for PBXProject "QMiniIDE" */ = {
			isa = XCConfigurationList;
			buildConfigurations = (
				7EAFA7AC1A2817B60047D9AF /* Debug */,
				7EAFA7AD1A2817B60047D9AF /* Release */,
			);
			defaultConfigurationIsVisible = 0;
			defaultConfigurationName = Release;
		};
		7EAFA7AE1A2817B60047D9AF /* Build configuration list for PBXNativeTarget "QMiniIDE" */ = {
			isa = XCConfigurationList;
			buildConfigurations = (
				7EAFA7AF1A2817B60047D9AF /* Debug */,
				7EAFA7B01A2817B60047D9AF /* Release */,
			);
			defaultConfigurationIsVisible = 0;
			defaultConfigurationName = Release;
		};
		7EAFA7B11A2817B60047D9AF /* Build configuration list for PBXNativeTarget "QMiniIDETests" */ = {
			isa = XCConfigurationList;
			buildConfigurations = (
				7EAFA7B21A2817B60047D9AF /* Debug */,
				7EAFA7B31A2817B60047D9AF /* Release */,
			);
			defaultConfigurationIsVisible = 0;
			defaultConfigurationName = Release;
		};
/* End XCConfigurationList section */
	};
	rootObject = 7EAFA7891A2817B60047D9AF /* Project object */;
}
